
Microsoft Visual Studio Solution File, Format Version 12.00
# Visual Studio 15
VisualStudioVersion = 15.0.26403.7
MinimumVisualStudioVersion = 10.0.40219.1
Project("{FAE04EC0-301F-11D3-BF4B-00C04F79EFBC}") = "EntryApplication", "EntryApplication\EntryApplication.csproj", "{C291B0D4-C140-4126-9BA6-634AB87667A8}"
EndProject
Project("{FAE04EC0-301F-11D3-BF4B-00C04F79EFBC}") = "ExitApplication", "ExitApplication\ExitApplication.csproj", "{B99BB554-E75F-49BC-B887-B29D117DA2F5}"
EndProject
Project("{FAE04EC0-301F-11D3-BF4B-00C04F79EFBC}") = "Common", "Common\Common.csproj", "{28DCE2FC-F753-4BC3-A9DF-C3285D054ABC}"
EndProject
Project("{2150E333-8FDC-42A3-9474-1A3956D46DE8}") = "Desktop", "Desktop", "{925B6C48-0138-4052-924D-819198952CD5}"
EndProject
Project("{FAE04EC0-301F-11D3-BF4B-00C04F79EFBC}") = "BountifulHarvestWeb", "BountifulHarvestWeb\BountifulHarvestWeb.csproj", "{812F2A8E-4FC1-44D4-B479-9DA19CF5D9C3}"
EndProject
Global
	GlobalSection(SolutionConfigurationPlatforms) = preSolution
		Debug|Any CPU = Debug|Any CPU
		Debug|x86 = Debug|x86
		Release|Any CPU = Release|Any CPU
		Release|x86 = Release|x86
	EndGlobalSection
	GlobalSection(ProjectConfigurationPlatforms) = postSolution
		{C291B0D4-C140-4126-9BA6-634AB87667A8}.Debug|Any CPU.ActiveCfg = Debug|Any CPU
		{C291B0D4-C140-4126-9BA6-634AB87667A8}.Debug|Any CPU.Build.0 = Debug|Any CPU
		{C291B0D4-C140-4126-9BA6-634AB87667A8}.Debug|x86.ActiveCfg = Debug|x86
		{C291B0D4-C140-4126-9BA6-634AB87667A8}.Debug|x86.Build.0 = Debug|x86
		{C291B0D4-C140-4126-9BA6-634AB87667A8}.Release|Any CPU.ActiveCfg = Release|Any CPU
		{C291B0D4-C140-4126-9BA6-634AB87667A8}.Release|Any CPU.Build.0 = Release|Any CPU
		{C291B0D4-C140-4126-9BA6-634AB87667A8}.Release|x86.ActiveCfg = Release|x86
		{C291B0D4-C140-4126-9BA6-634AB87667A8}.Release|x86.Build.0 = Release|x86
		{B99BB554-E75F-49BC-B887-B29D117DA2F5}.Debug|Any CPU.ActiveCfg = Debug|Any CPU
		{B99BB554-E75F-49BC-B887-B29D117DA2F5}.Debug|Any CPU.Build.0 = Debug|Any CPU
		{B99BB554-E75F-49BC-B887-B29D117DA2F5}.Debug|x86.ActiveCfg = Debug|Any CPU
		{B99BB554-E75F-49BC-B887-B29D117DA2F5}.Debug|x86.Build.0 = Debug|Any CPU
		{B99BB554-E75F-49BC-B887-B29D117DA2F5}.Release|Any CPU.ActiveCfg = Release|Any CPU
		{B99BB554-E75F-49BC-B887-B29D117DA2F5}.Release|Any CPU.Build.0 = Release|Any CPU
		{B99BB554-E75F-49BC-B887-B29D117DA2F5}.Release|x86.ActiveCfg = Release|Any CPU
		{B99BB554-E75F-49BC-B887-B29D117DA2F5}.Release|x86.Build.0 = Release|Any CPU
		{28DCE2FC-F753-4BC3-A9DF-C3285D054ABC}.Debug|Any CPU.ActiveCfg = Debug|Any CPU
		{28DCE2FC-F753-4BC3-A9DF-C3285D054ABC}.Debug|Any CPU.Build.0 = Debug|Any CPU
		{28DCE2FC-F753-4BC3-A9DF-C3285D054ABC}.Debug|x86.ActiveCfg = Debug|Any CPU
		{28DCE2FC-F753-4BC3-A9DF-C3285D054ABC}.Debug|x86.Build.0 = Debug|Any CPU
		{28DCE2FC-F753-4BC3-A9DF-C3285D054ABC}.Release|Any CPU.ActiveCfg = Release|Any CPU
		{28DCE2FC-F753-4BC3-A9DF-C3285D054ABC}.Release|Any CPU.Build.0 = Release|Any CPU
		{28DCE2FC-F753-4BC3-A9DF-C3285D054ABC}.Release|x86.ActiveCfg = Release|Any CPU
		{28DCE2FC-F753-4BC3-A9DF-C3285D054ABC}.Release|x86.Build.0 = Release|Any CPU
		{812F2A8E-4FC1-44D4-B479-9DA19CF5D9C3}.Debug|Any CPU.ActiveCfg = Debug|Any CPU
		{812F2A8E-4FC1-44D4-B479-9DA19CF5D9C3}.Debug|Any CPU.Build.0 = Debug|Any CPU
		{812F2A8E-4FC1-44D4-B479-9DA19CF5D9C3}.Debug|x86.ActiveCfg = Debug|Any CPU
		{812F2A8E-4FC1-44D4-B479-9DA19CF5D9C3}.Debug|x86.Build.0 = Debug|Any CPU
		{812F2A8E-4FC1-44D4-B479-9DA19CF5D9C3}.Release|Any CPU.ActiveCfg = Release|Any CPU
		{812F2A8E-4FC1-44D4-B479-9DA19CF5D9C3}.Release|Any CPU.Build.0 = Release|Any CPU
		{812F2A8E-4FC1-44D4-B479-9DA19CF5D9C3}.Release|x86.ActiveCfg = Release|Any CPU
		{812F2A8E-4FC1-44D4-B479-9DA19CF5D9C3}.Release|x86.Build.0 = Release|Any CPU
	EndGlobalSection
	GlobalSection(SolutionProperties) = preSolution
		HideSolutionNode = FALSE
	EndGlobalSection
	GlobalSection(NestedProjects) = preSolution
		{C291B0D4-C140-4126-9BA6-634AB87667A8} = {925B6C48-0138-4052-924D-819198952CD5}
		{B99BB554-E75F-49BC-B887-B29D117DA2F5} = {925B6C48-0138-4052-924D-819198952CD5}
	EndGlobalSection
EndGlobal
